
Microsoft Visual Studio Solution File, Format Version 11.00
# Visual Studio 2010
Project("{FAE04EC0-301F-11D3-BF4B-00C04F79EFBC}") = "ScoreLoop.iOS", "ScoreLoop.iOS\ScoreLoop.iOS.csproj", "{755A37D1-BEC6-4B73-A23A-C9A217108037}"
EndProject
Global
	GlobalSection(SolutionConfigurationPlatforms) = preSolution
		Debug|Any CPU = Debug|Any CPU
		Release|Any CPU = Release|Any CPU
	EndGlobalSection
	GlobalSection(ProjectConfigurationPlatforms) = postSolution
		{755A37D1-BEC6-4B73-A23A-C9A217108037}.Debug|Any CPU.ActiveCfg = Debug|Any CPU
		{755A37D1-BEC6-4B73-A23A-C9A217108037}.Debug|Any CPU.Build.0 = Debug|Any CPU
		{755A37D1-BEC6-4B73-A23A-C9A217108037}.Release|Any CPU.ActiveCfg = Release|Any CPU
		{755A37D1-BEC6-4B73-A23A-C9A217108037}.Release|Any CPU.Build.0 = Release|Any CPU
	EndGlobalSection
	GlobalSection(MonoDevelopProperties) = preSolution
		StartupItem = ScoreLoop.iOS\ScoreLoop.iOS.csproj
	EndGlobalSection
EndGlobal
